# This file is automatically @generated by Poetry 1.7.1 and should not be changed by hand.

[[package]]
name = "black"
version = "22.12.0"
description = "The uncompromising code formatter."
optional = false
python-versions = ">=3.7"
files = [
    {file = "black-22.12.0-cp310-cp310-manylinux_2_17_x86_64.manylinux2014_x86_64.whl", hash = "sha256:9eedd20838bd5d75b80c9f5487dbcb06836a43833a37846cf1d8c1cc01cef59d"},
    {file = "black-22.12.0-cp310-cp310-win_amd64.whl", hash = "sha256:159a46a4947f73387b4d83e87ea006dbb2337eab6c879620a3ba52699b1f4351"},
    {file = "black-22.12.0-cp311-cp311-manylinux_2_17_x86_64.manylinux2014_x86_64.whl", hash = "sha256:d30b212bffeb1e252b31dd269dfae69dd17e06d92b87ad26e23890f3efea366f"},
    {file = "black-22.12.0-cp311-cp311-win_amd64.whl", hash = "sha256:7412e75863aa5c5411886804678b7d083c7c28421210180d67dfd8cf1221e1f4"},
    {file = "black-22.12.0-cp37-cp37m-manylinux_2_17_x86_64.manylinux2014_x86_64.whl", hash = "sha256:c116eed0efb9ff870ded8b62fe9f28dd61ef6e9ddd28d83d7d264a38417dcee2"},
    {file = "black-22.12.0-cp37-cp37m-win_amd64.whl", hash = "sha256:1f58cbe16dfe8c12b7434e50ff889fa479072096d79f0a7f25e4ab8e94cd8350"},
    {file = "black-22.12.0-cp38-cp38-manylinux_2_17_x86_64.manylinux2014_x86_64.whl", hash = "sha256:77d86c9f3db9b1bf6761244bc0b3572a546f5fe37917a044e02f3166d5aafa7d"},
    {file = "black-22.12.0-cp38-cp38-win_amd64.whl", hash = "sha256:82d9fe8fee3401e02e79767016b4907820a7dc28d70d137eb397b92ef3cc5bfc"},
    {file = "black-22.12.0-cp39-cp39-manylinux_2_17_x86_64.manylinux2014_x86_64.whl", hash = "sha256:101c69b23df9b44247bd88e1d7e90154336ac4992502d4197bdac35dd7ee3320"},
    {file = "black-22.12.0-cp39-cp39-win_amd64.whl", hash = "sha256:559c7a1ba9a006226f09e4916060982fd27334ae1998e7a38b3f33a37f7a2148"},
    {file = "black-22.12.0-py3-none-any.whl", hash = "sha256:436cc9167dd28040ad90d3b404aec22cedf24a6e4d7de221bec2730ec0c97bcf"},
    {file = "black-22.12.0.tar.gz", hash = "sha256:229351e5a18ca30f447bf724d007f890f97e13af070bb6ad4c0a441cd7596a2f"},
]

[package.dependencies]
click = ">=8.0.0"
mypy-extensions = ">=0.4.3"
pathspec = ">=0.9.0"
platformdirs = ">=2"

[package.extras]
colorama = ["colorama (>=0.4.3)"]
d = ["aiohttp (>=3.7.4)"]
jupyter = ["ipython (>=7.8.0)", "tokenize-rt (>=3.2.0)"]
uvloop = ["uvloop (>=0.15.2)"]

[[package]]
name = "click"
version = "8.2.1"
description = "Composable command line interface toolkit"
optional = false
python-versions = ">=3.10"
files = [
    {file = "click-8.2.1-py3-none-any.whl", hash = "sha256:61a3265b914e850b85317d0b3109c7f8cd35a670f963866005d6ef1d5175a12b"},
    {file = "click-8.2.1.tar.gz", hash = "sha256:27c491cc05d968d271d5a1db13e3b5a184636d9d930f148c50b038f0d0646202"},
]

[package.dependencies]
colorama = {version = "*", markers = "platform_system == \"Windows\""}

[[package]]
name = "colorama"
version = "0.4.6"
description = "Cross-platform colored terminal text."
optional = false
python-versions = "!=3.0.*,!=3.1.*,!=3.2.*,!=3.3.*,!=3.4.*,!=3.5.*,!=3.6.*,>=2.7"
files = [
    {file = "colorama-0.4.6-py2.py3-none-any.whl", hash = "sha256:4f1d9991f5acc0ca119f9d443620b77f9d6b33703e51011c16baf57afb285fc6"},
    {file = "colorama-0.4.6.tar.gz", hash = "sha256:08695f5cb7ed6e0531a20572697297273c47b8cae5a63ffc6d6ed5c201be6e44"},
]

[[package]]
name = "commonmark"
version = "0.9.1"
description = "Python parser for the CommonMark Markdown spec"
optional = false
python-versions = "*"
files = [
    {file = "commonmark-0.9.1-py2.py3-none-any.whl", hash = "sha256:da2f38c92590f83de410ba1a3cbceafbc74fee9def35f9251ba9a971d6d66fd9"},
    {file = "commonmark-0.9.1.tar.gz", hash = "sha256:452f9dc859be7f06631ddcb328b6919c67984aca654e5fefb3914d54691aed60"},
]

[package.extras]
test = ["flake8 (==3.7.8)", "hypothesis (==3.55.3)"]

[[package]]
name = "datetime"
version = "4.5"
description = "This package provides a DateTime data type, as known from Zope. Unless you need to communicate with Zope APIs, you're probably better off using Python's built-in datetime module."
optional = false
python-versions = "*"
files = [
    {file = "DateTime-4.5-py2.py3-none-any.whl", hash = "sha256:ec9894c438cdd54dc31578b1b43c79b11f8111dbeb066e372548a0a78a3bec46"},
    {file = "DateTime-4.5.tar.gz", hash = "sha256:65416160ff35a564c6cca67ce0c5cd1816eee4e8a2fb324556939689d0a9ee41"},
]

[package.dependencies]
pytz = "*"
"zope.interface" = "*"

[[package]]
name = "et-xmlfile"
version = "1.1.0"
description = "An implementation of lxml.xmlfile for the standard library"
optional = false
python-versions = ">=3.6"
files = [
    {file = "et_xmlfile-1.1.0-py3-none-any.whl", hash = "sha256:a2ba85d1d6a74ef63837eed693bcb89c3f752169b0e3e7ae5b16ca5e1b3deada"},
    {file = "et_xmlfile-1.1.0.tar.gz", hash = "sha256:8eb9e2bc2f8c97e37a2dc85a09ecdcdec9d8a396530a6d5a33b30b9a92da0c5c"},
]

[[package]]
name = "mypy-extensions"
version = "1.1.0"
description = "Type system extensions for programs checked with the mypy type checker."
optional = false
python-versions = ">=3.8"
files = [
    {file = "mypy_extensions-1.1.0-py3-none-any.whl", hash = "sha256:1be4cccdb0f2482337c4743e60421de3a356cd97508abadd57d47403e94f5505"},
    {file = "mypy_extensions-1.1.0.tar.gz", hash = "sha256:52e68efc3284861e772bbcd66823fde5ae21fd2fdb51c62a211403730b916558"},
]

[[package]]
name = "numpy"
version = "2.3.0"
description = "Fundamental package for array computing in Python"
optional = false
python-versions = ">=3.11"
files = [
    {file = "numpy-2.3.0-cp311-cp311-macosx_10_9_x86_64.whl", hash = "sha256:c3c9fdde0fa18afa1099d6257eb82890ea4f3102847e692193b54e00312a9ae9"},
    {file = "numpy-2.3.0-cp311-cp311-macosx_11_0_arm64.whl", hash = "sha256:46d16f72c2192da7b83984aa5455baee640e33a9f1e61e656f29adf55e406c2b"},
    {file = "numpy-2.3.0-cp311-cp311-macosx_14_0_arm64.whl", hash = "sha256:a0be278be9307c4ab06b788f2a077f05e180aea817b3e41cebbd5aaf7bd85ed3"},
    {file = "numpy-2.3.0-cp311-cp311-macosx_14_0_x86_64.whl", hash = "sha256:99224862d1412d2562248d4710126355d3a8db7672170a39d6909ac47687a8a4"},
    {file = "numpy-2.3.0-cp311-cp311-manylinux_2_28_aarch64.whl", hash = "sha256:2393a914db64b0ead0ab80c962e42d09d5f385802006a6c87835acb1f58adb96"},
    {file = "numpy-2.3.0-cp311-cp311-manylinux_2_28_x86_64.whl", hash = "sha256:7729c8008d55e80784bd113787ce876ca117185c579c0d626f59b87d433ea779"},
    {file = "numpy-2.3.0-cp311-cp311-musllinux_1_2_aarch64.whl", hash = "sha256:06d4fb37a8d383b769281714897420c5cc3545c79dc427df57fc9b852ee0bf58"},
    {file = "numpy-2.3.0-cp311-cp311-musllinux_1_2_x86_64.whl", hash = "sha256:c39ec392b5db5088259c68250e342612db82dc80ce044cf16496cf14cf6bc6f8"},
    {file = "numpy-2.3.0-cp311-cp311-win32.whl", hash = "sha256:ee9d3ee70d62827bc91f3ea5eee33153212c41f639918550ac0475e3588da59f"},
    {file = "numpy-2.3.0-cp311-cp311-win_amd64.whl", hash = "sha256:43c55b6a860b0eb44d42341438b03513cf3879cb3617afb749ad49307e164edd"},
    {file = "numpy-2.3.0-cp311-cp311-win_arm64.whl", hash = "sha256:2e6a1409eee0cb0316cb64640a49a49ca44deb1a537e6b1121dc7c458a1299a8"},
    {file = "numpy-2.3.0-cp312-cp312-macosx_10_13_x86_64.whl", hash = "sha256:389b85335838155a9076e9ad7f8fdba0827496ec2d2dc32ce69ce7898bde03ba"},
    {file = "numpy-2.3.0-cp312-cp312-macosx_11_0_arm64.whl", hash = "sha256:9498f60cd6bb8238d8eaf468a3d5bb031d34cd12556af53510f05fcf581c1b7e"},
    {file = "numpy-2.3.0-cp312-cp312-macosx_14_0_arm64.whl", hash = "sha256:622a65d40d8eb427d8e722fd410ac3ad4958002f109230bc714fa551044ebae2"},
    {file = "numpy-2.3.0-cp312-cp312-macosx_14_0_x86_64.whl", hash = "sha256:b9446d9d8505aadadb686d51d838f2b6688c9e85636a0c3abaeb55ed54756459"},
    {file = "numpy-2.3.0-cp312-cp312-manylinux_2_28_aarch64.whl", hash = "sha256:50080245365d75137a2bf46151e975de63146ae6d79f7e6bd5c0e85c9931d06a"},
    {file = "numpy-2.3.0-cp312-cp312-manylinux_2_28_x86_64.whl", hash = "sha256:c24bb4113c66936eeaa0dc1e47c74770453d34f46ee07ae4efd853a2ed1ad10a"},
    {file = "numpy-2.3.0-cp312-cp312-musllinux_1_2_aarch64.whl", hash = "sha256:4d8d294287fdf685281e671886c6dcdf0291a7c19db3e5cb4178d07ccf6ecc67"},
    {file = "numpy-2.3.0-cp312-cp312-musllinux_1_2_x86_64.whl", hash = "sha256:6295f81f093b7f5769d1728a6bd8bf7466de2adfa771ede944ce6711382b89dc"},
    {file = "numpy-2.3.0-cp312-cp312-win32.whl", hash = "sha256:e6648078bdd974ef5d15cecc31b0c410e2e24178a6e10bf511e0557eed0f2570"},
    {file = "numpy-2.3.0-cp312-cp312-win_amd64.whl", hash = "sha256:0898c67a58cdaaf29994bc0e2c65230fd4de0ac40afaf1584ed0b02cd74c6fdd"},
    {file = "numpy-2.3.0-cp312-cp312-win_arm64.whl", hash = "sha256:bd8df082b6c4695753ad6193018c05aac465d634834dca47a3ae06d4bb22d9ea"},
    {file = "numpy-2.3.0-cp313-cp313-macosx_10_13_x86_64.whl", hash = "sha256:5754ab5595bfa2c2387d241296e0381c21f44a4b90a776c3c1d39eede13a746a"},
    {file = "numpy-2.3.0-cp313-cp313-macosx_11_0_arm64.whl", hash = "sha256:d11fa02f77752d8099573d64e5fe33de3229b6632036ec08f7080f46b6649959"},
    {file = "numpy-2.3.0-cp313-cp313-macosx_14_0_arm64.whl", hash = "sha256:aba48d17e87688a765ab1cd557882052f238e2f36545dfa8e29e6a91aef77afe"},
    {file = "numpy-2.3.0-cp313-cp313-macosx_14_0_x86_64.whl", hash = "sha256:4dc58865623023b63b10d52f18abaac3729346a7a46a778381e0e3af4b7f3beb"},
    {file = "numpy-2.3.0-cp313-cp313-manylinux_2_28_aarch64.whl", hash = "sha256:df470d376f54e052c76517393fa443758fefcdd634645bc9c1f84eafc67087f0"},
    {file = "numpy-2.3.0-cp313-cp313-manylinux_2_28_x86_64.whl", hash = "sha256:87717eb24d4a8a64683b7a4e91ace04e2f5c7c77872f823f02a94feee186168f"},
    {file = "numpy-2.3.0-cp313-cp313-musllinux_1_2_aarch64.whl", hash = "sha256:d8fa264d56882b59dcb5ea4d6ab6f31d0c58a57b41aec605848b6eb2ef4a43e8"},
    {file = "numpy-2.3.0-cp313-cp313-musllinux_1_2_x86_64.whl", hash = "sha256:e651756066a0eaf900916497e20e02fe1ae544187cb0fe88de981671ee7f6270"},
    {file = "numpy-2.3.0-cp313-cp313-win32.whl", hash = "sha256:e43c3cce3b6ae5f94696669ff2a6eafd9a6b9332008bafa4117af70f4b88be6f"},
    {file = "numpy-2.3.0-cp313-cp313-win_amd64.whl", hash = "sha256:81ae0bf2564cf475f94be4a27ef7bcf8af0c3e28da46770fc904da9abd5279b5"},
    {file = "numpy-2.3.0-cp313-cp313-win_arm64.whl", hash = "sha256:c8738baa52505fa6e82778580b23f945e3578412554d937093eac9205e845e6e"},
    {file = "numpy-2.3.0-cp313-cp313t-macosx_10_13_x86_64.whl", hash = "sha256:39b27d8b38942a647f048b675f134dd5a567f95bfff481f9109ec308515c51d8"},
    {file = "numpy-2.3.0-cp313-cp313t-macosx_11_0_arm64.whl", hash = "sha256:0eba4a1ea88f9a6f30f56fdafdeb8da3774349eacddab9581a21234b8535d3d3"},
    {file = "numpy-2.3.0-cp313-cp313t-macosx_14_0_arm64.whl", hash = "sha256:b0f1f11d0a1da54927436505a5a7670b154eac27f5672afc389661013dfe3d4f"},
    {file = "numpy-2.3.0-cp313-cp313t-macosx_14_0_x86_64.whl", hash = "sha256:690d0a5b60a47e1f9dcec7b77750a4854c0d690e9058b7bef3106e3ae9117808"},
    {file = "numpy-2.3.0-cp313-cp313t-manylinux_2_28_aarch64.whl", hash = "sha256:8b51ead2b258284458e570942137155978583e407babc22e3d0ed7af33ce06f8"},
    {file = "numpy-2.3.0-cp313-cp313t-manylinux_2_28_x86_64.whl", hash = "sha256:aaf81c7b82c73bd9b45e79cfb9476cb9c29e937494bfe9092c26aece812818ad"},
    {file = "numpy-2.3.0-cp313-cp313t-musllinux_1_2_aarch64.whl", hash = "sha256:f420033a20b4f6a2a11f585f93c843ac40686a7c3fa514060a97d9de93e5e72b"},
    {file = "numpy-2.3.0-cp313-cp313t-musllinux_1_2_x86_64.whl", hash = "sha256:d344ca32ab482bcf8735d8f95091ad081f97120546f3d250240868430ce52555"},
    {file = "numpy-2.3.0-cp313-cp313t-win32.whl", hash = "sha256:48a2e8eaf76364c32a1feaa60d6925eaf32ed7a040183b807e02674305beef61"},
    {file = "numpy-2.3.0-cp313-cp313t-win_amd64.whl", hash = "sha256:ba17f93a94e503551f154de210e4d50c5e3ee20f7e7a1b5f6ce3f22d419b93bb"},
    {file = "numpy-2.3.0-cp313-cp313t-win_arm64.whl", hash = "sha256:f14e016d9409680959691c109be98c436c6249eaf7f118b424679793607b5944"},
    {file = "numpy-2.3.0-pp311-pypy311_pp73-macosx_10_15_x86_64.whl", hash = "sha256:80b46117c7359de8167cc00a2c7d823bdd505e8c7727ae0871025a86d668283b"},
    {file = "numpy-2.3.0-pp311-pypy311_pp73-macosx_14_0_arm64.whl", hash = "sha256:5814a0f43e70c061f47abd5857d120179609ddc32a613138cbb6c4e9e2dbdda5"},
    {file = "numpy-2.3.0-pp311-pypy311_pp73-macosx_14_0_x86_64.whl", hash = "sha256:ef6c1e88fd6b81ac6d215ed71dc8cd027e54d4bf1d2682d362449097156267a2"},
    {file = "numpy-2.3.0-pp311-pypy311_pp73-manylinux_2_28_aarch64.whl", hash = "sha256:33a5a12a45bb82d9997e2c0b12adae97507ad7c347546190a18ff14c28bbca12"},
    {file = "numpy-2.3.0-pp311-pypy311_pp73-manylinux_2_28_x86_64.whl", hash = "sha256:54dfc8681c1906d239e95ab1508d0a533c4a9505e52ee2d71a5472b04437ef97"},
    {file = "numpy-2.3.0-pp311-pypy311_pp73-win_amd64.whl", hash = "sha256:e017a8a251ff4d18d71f139e28bdc7c31edba7a507f72b1414ed902cbe48c74d"},
    {file = "numpy-2.3.0.tar.gz", hash = "sha256:581f87f9e9e9db2cba2141400e160e9dd644ee248788d6f90636eeb8fd9260a6"},
]

[[package]]
name = "openpyxl"
version = "3.0.10"
description = "A Python library to read/write Excel 2010 xlsx/xlsm files"
optional = false
python-versions = ">=3.6"
files = [
    {file = "openpyxl-3.0.10-py2.py3-none-any.whl", hash = "sha256:0ab6d25d01799f97a9464630abacbb34aafecdcaa0ef3cba6d6b3499867d0355"},
    {file = "openpyxl-3.0.10.tar.gz", hash = "sha256:e47805627aebcf860edb4edf7987b1309c1b3632f3750538ed962bbcc3bd7449"},
]

[package.dependencies]
et-xmlfile = "*"

[[package]]
name = "pandas"
version = "2.3.1"
description = "Powerful data structures for data analysis, time series, and statistics"
optional = false
python-versions = ">=3.9"
files = [
    {file = "pandas-2.3.1-cp310-cp310-macosx_10_9_x86_64.whl", hash = "sha256:22c2e866f7209ebc3a8f08d75766566aae02bcc91d196935a1d9e59c7b990ac9"},
    {file = "pandas-2.3.1-cp310-cp310-macosx_11_0_arm64.whl", hash = "sha256:3583d348546201aff730c8c47e49bc159833f971c2899d6097bce68b9112a4f1"},
    {file = "pandas-2.3.1-cp310-cp310-manylinux_2_17_aarch64.manylinux2014_aarch64.whl", hash = "sha256:0f951fbb702dacd390561e0ea45cdd8ecfa7fb56935eb3dd78e306c19104b9b0"},
    {file = "pandas-2.3.1-cp310-cp310-manylinux_2_17_x86_64.manylinux2014_x86_64.whl", hash = "sha256:cd05b72ec02ebfb993569b4931b2e16fbb4d6ad6ce80224a3ee838387d83a191"},
    {file = "pandas-2.3.1-cp310-cp310-musllinux_1_2_aarch64.whl", hash = "sha256:1b916a627919a247d865aed068eb65eb91a344b13f5b57ab9f610b7716c92de1"},
    {file = "pandas-2.3.1-cp310-cp310-musllinux_1_2_x86_64.whl", hash = "sha256:fe67dc676818c186d5a3d5425250e40f179c2a89145df477dd82945eaea89e97"},
    {file = "pandas-2.3.1-cp310-cp310-win_amd64.whl", hash = "sha256:2eb789ae0274672acbd3c575b0598d213345660120a257b47b5dafdc618aec83"},
    {file = "pandas-2.3.1-cp311-cp311-macosx_10_9_x86_64.whl", hash = "sha256:2b0540963d83431f5ce8870ea02a7430adca100cec8a050f0811f8e31035541b"},
    {file = "pandas-2.3.1-cp311-cp311-macosx_11_0_arm64.whl", hash = "sha256:fe7317f578c6a153912bd2292f02e40c1d8f253e93c599e82620c7f69755c74f"},
    {file = "pandas-2.3.1-cp311-cp311-manylinux_2_17_aarch64.manylinux2014_aarch64.whl", hash = "sha256:e6723a27ad7b244c0c79d8e7007092d7c8f0f11305770e2f4cd778b3ad5f9f85"},
    {file = "pandas-2.3.1-cp311-cp311-manylinux_2_17_x86_64.manylinux2014_x86_64.whl", hash = "sha256:3462c3735fe19f2638f2c3a40bd94ec2dc5ba13abbb032dd2fa1f540a075509d"},
    {file = "pandas-2.3.1-cp311-cp311-musllinux_1_2_aarch64.whl", hash = "sha256:98bcc8b5bf7afed22cc753a28bc4d9e26e078e777066bc53fac7904ddef9a678"},
    {file = "pandas-2.3.1-cp311-cp311-musllinux_1_2_x86_64.whl", hash = "sha256:4d544806b485ddf29e52d75b1f559142514e60ef58a832f74fb38e48d757b299"},
    {file = "pandas-2.3.1-cp311-cp311-win_amd64.whl", hash = "sha256:b3cd4273d3cb3707b6fffd217204c52ed92859533e31dc03b7c5008aa933aaab"},
    {file = "pandas-2.3.1-cp312-cp312-macosx_10_13_x86_64.whl", hash = "sha256:689968e841136f9e542020698ee1c4fbe9caa2ed2213ae2388dc7b81721510d3"},
    {file = "pandas-2.3.1-cp312-cp312-macosx_11_0_arm64.whl", hash = "sha256:025e92411c16cbe5bb2a4abc99732a6b132f439b8aab23a59fa593eb00704232"},
    {file = "pandas-2.3.1-cp312-cp312-manylinux_2_17_aarch64.manylinux2014_aarch64.whl", hash = "sha256:9b7ff55f31c4fcb3e316e8f7fa194566b286d6ac430afec0d461163312c5841e"},
    {file = "pandas-2.3.1-cp312-cp312-manylinux_2_17_x86_64.manylinux2014_x86_64.whl", hash = "sha256:7dcb79bf373a47d2a40cf7232928eb7540155abbc460925c2c96d2d30b006eb4"},
    {file = "pandas-2.3.1-cp312-cp312-musllinux_1_2_aarch64.whl", hash = "sha256:56a342b231e8862c96bdb6ab97170e203ce511f4d0429589c8ede1ee8ece48b8"},
    {file = "pandas-2.3.1-cp312-cp312-musllinux_1_2_x86_64.whl", hash = "sha256:ca7ed14832bce68baef331f4d7f294411bed8efd032f8109d690df45e00c4679"},
    {file = "pandas-2.3.1-cp312-cp312-win_amd64.whl", hash = "sha256:ac942bfd0aca577bef61f2bc8da8147c4ef6879965ef883d8e8d5d2dc3e744b8"},
    {file = "pandas-2.3.1-cp313-cp313-macosx_10_13_x86_64.whl", hash = "sha256:9026bd4a80108fac2239294a15ef9003c4ee191a0f64b90f170b40cfb7cf2d22"},
    {file = "pandas-2.3.1-cp313-cp313-macosx_11_0_arm64.whl", hash = "sha256:6de8547d4fdb12421e2d047a2c446c623ff4c11f47fddb6b9169eb98ffba485a"},
    {file = "pandas-2.3.1-cp313-cp313-manylinux_2_17_aarch64.manylinux2014_aarch64.whl", hash = "sha256:782647ddc63c83133b2506912cc6b108140a38a37292102aaa19c81c83db2928"},
    {file = "pandas-2.3.1-cp313-cp313-manylinux_2_17_x86_64.manylinux2014_x86_64.whl", hash = "sha256:2ba6aff74075311fc88504b1db890187a3cd0f887a5b10f5525f8e2ef55bfdb9"},
    {file = "pandas-2.3.1-cp313-cp313-musllinux_1_2_aarch64.whl", hash = "sha256:e5635178b387bd2ba4ac040f82bc2ef6e6b500483975c4ebacd34bec945fda12"},
    {file = "pandas-2.3.1-cp313-cp313-musllinux_1_2_x86_64.whl", hash = "sha256:6f3bf5ec947526106399a9e1d26d40ee2b259c66422efdf4de63c848492d91bb"},
    {file = "pandas-2.3.1-cp313-cp313-win_amd64.whl", hash = "sha256:1c78cf43c8fde236342a1cb2c34bcff89564a7bfed7e474ed2fffa6aed03a956"},
    {file = "pandas-2.3.1-cp313-cp313t-macosx_10_13_x86_64.whl", hash = "sha256:8dfc17328e8da77be3cf9f47509e5637ba8f137148ed0e9b5241e1baf526e20a"},
    {file = "pandas-2.3.1-cp313-cp313t-macosx_11_0_arm64.whl", hash = "sha256:ec6c851509364c59a5344458ab935e6451b31b818be467eb24b0fe89bd05b6b9"},
    {file = "pandas-2.3.1-cp313-cp313t-manylinux_2_17_aarch64.manylinux2014_aarch64.whl", hash = "sha256:911580460fc4884d9b05254b38a6bfadddfcc6aaef856fb5859e7ca202e45275"},
    {file = "pandas-2.3.1-cp313-cp313t-manylinux_2_17_x86_64.manylinux2014_x86_64.whl", hash = "sha256:2f4d6feeba91744872a600e6edbbd5b033005b431d5ae8379abee5bcfa479fab"},
    {file = "pandas-2.3.1-cp313-cp313t-musllinux_1_2_aarch64.whl", hash = "sha256:fe37e757f462d31a9cd7580236a82f353f5713a80e059a29753cf938c6775d96"},
    {file = "pandas-2.3.1-cp313-cp313t-musllinux_1_2_x86_64.whl", hash = "sha256:5db9637dbc24b631ff3707269ae4559bce4b7fd75c1c4d7e13f40edc42df4444"},
    {file = "pandas-2.3.1-cp39-cp39-macosx_10_9_x86_64.whl", hash = "sha256:4645f770f98d656f11c69e81aeb21c6fca076a44bed3dcbb9396a4311bc7f6d8"},
    {file = "pandas-2.3.1-cp39-cp39-macosx_11_0_arm64.whl", hash = "sha256:342e59589cc454aaff7484d75b816a433350b3d7964d7847327edda4d532a2e3"},
    {file = "pandas-2.3.1-cp39-cp39-manylinux_2_17_aarch64.manylinux2014_aarch64.whl", hash = "sha256:1d12f618d80379fde6af007f65f0c25bd3e40251dbd1636480dfffce2cf1e6da"},
    {file = "pandas-2.3.1-cp39-cp39-manylinux_2_17_x86_64.manylinux2014_x86_64.whl", hash = "sha256:dd71c47a911da120d72ef173aeac0bf5241423f9bfea57320110a978457e069e"},
    {file = "pandas-2.3.1-cp39-cp39-musllinux_1_2_aarch64.whl", hash = "sha256:09e3b1587f0f3b0913e21e8b32c3119174551deb4a4eba4a89bc7377947977e7"},
    {file = "pandas-2.3.1-cp39-cp39-musllinux_1_2_x86_64.whl", hash = "sha256:2323294c73ed50f612f67e2bf3ae45aea04dce5690778e08a09391897f35ff88"},
    {file = "pandas-2.3.1-cp39-cp39-win_amd64.whl", hash = "sha256:b4b0de34dc8499c2db34000ef8baad684cfa4cbd836ecee05f323ebfba348c7d"},
    {file = "pandas-2.3.1.tar.gz", hash = "sha256:0a95b9ac964fe83ce317827f80304d37388ea77616b1425f0ae41c9d2d0d7bb2"},
]

[package.dependencies]
numpy = [
    {version = ">=1.23.2", markers = "python_version == \"3.11\""},
    {version = ">=1.26.0", markers = "python_version >= \"3.12\""},
]
python-dateutil = ">=2.8.2"
pytz = ">=2020.1"
tzdata = ">=2022.7"

[package.extras]
all = ["PyQt5 (>=5.15.9)", "SQLAlchemy (>=2.0.0)", "adbc-driver-postgresql (>=0.8.0)", "adbc-driver-sqlite (>=0.8.0)", "beautifulsoup4 (>=4.11.2)", "bottleneck (>=1.3.6)", "dataframe-api-compat (>=0.1.7)", "fastparquet (>=2022.12.0)", "fsspec (>=2022.11.0)", "gcsfs (>=2022.11.0)", "html5lib (>=1.1)", "hypothesis (>=6.46.1)", "jinja2 (>=3.1.2)", "lxml (>=4.9.2)", "matplotlib (>=3.6.3)", "numba (>=0.56.4)", "numexpr (>=2.8.4)", "odfpy (>=1.4.1)", "openpyxl (>=3.1.0)", "pandas-gbq (>=0.19.0)", "psycopg2 (>=2.9.6)", "pyarrow (>=10.0.1)", "pymysql (>=1.0.2)", "pyreadstat (>=1.2.0)", "pytest (>=7.3.2)", "pytest-xdist (>=2.2.0)", "python-calamine (>=0.1.7)", "pyxlsb (>=1.0.10)", "qtpy (>=2.3.0)", "s3fs (>=2022.11.0)", "scipy (>=1.10.0)", "tables (>=3.8.0)", "tabulate (>=0.9.0)", "xarray (>=2022.12.0)", "xlrd (>=2.0.1)", "xlsxwriter (>=3.0.5)", "zstandard (>=0.19.0)"]
aws = ["s3fs (>=2022.11.0)"]
clipboard = ["PyQt5 (>=5.15.9)", "qtpy (>=2.3.0)"]
compression = ["zstandard (>=0.19.0)"]
computation = ["scipy (>=1.10.0)", "xarray (>=2022.12.0)"]
consortium-standard = ["dataframe-api-compat (>=0.1.7)"]
excel = ["odfpy (>=1.4.1)", "openpyxl (>=3.1.0)", "python-calamine (>=0.1.7)", "pyxlsb (>=1.0.10)", "xlrd (>=2.0.1)", "xlsxwriter (>=3.0.5)"]
feather = ["pyarrow (>=10.0.1)"]
fss = ["fsspec (>=2022.11.0)"]
gcp = ["gcsfs (>=2022.11.0)", "pandas-gbq (>=0.19.0)"]
hdf5 = ["tables (>=3.8.0)"]
html = ["beautifulsoup4 (>=4.11.2)", "html5lib (>=1.1)", "lxml (>=4.9.2)"]
mysql = ["SQLAlchemy (>=2.0.0)", "pymysql (>=1.0.2)"]
output-formatting = ["jinja2 (>=3.1.2)", "tabulate (>=0.9.0)"]
parquet = ["pyarrow (>=10.0.1)"]
performance = ["bottleneck (>=1.3.6)", "numba (>=0.56.4)", "numexpr (>=2.8.4)"]
plot = ["matplotlib (>=3.6.3)"]
postgresql = ["SQLAlchemy (>=2.0.0)", "adbc-driver-postgresql (>=0.8.0)", "psycopg2 (>=2.9.6)"]
pyarrow = ["pyarrow (>=10.0.1)"]
spss = ["pyreadstat (>=1.2.0)"]
sql-other = ["SQLAlchemy (>=2.0.0)", "adbc-driver-postgresql (>=0.8.0)", "adbc-driver-sqlite (>=0.8.0)"]
test = ["hypothesis (>=6.46.1)", "pytest (>=7.3.2)", "pytest-xdist (>=2.2.0)"]
xml = ["lxml (>=4.9.2)"]

[[package]]
name = "pathspec"
version = "0.12.1"
description = "Utility library for gitignore style pattern matching of file paths."
optional = false
python-versions = ">=3.8"
files = [
    {file = "pathspec-0.12.1-py3-none-any.whl", hash = "sha256:a0d503e138a4c123b27490a4f7beda6a01c6f288df0e4a8b79c7eb0dc7b4cc08"},
    {file = "pathspec-0.12.1.tar.gz", hash = "sha256:a482d51503a1ab33b1c67a6c3813a26953dbdc71c31dacaef9a838c4e29f5712"},
]

[[package]]
name = "platformdirs"
version = "4.3.8"
description = "A small Python package for determining appropriate platform-specific dirs, e.g. a `user data dir`."
optional = false
python-versions = ">=3.9"
files = [
    {file = "platformdirs-4.3.8-py3-none-any.whl", hash = "sha256:ff7059bb7eb1179e2685604f4aaf157cfd9535242bd23742eadc3c13542139b4"},
    {file = "platformdirs-4.3.8.tar.gz", hash = "sha256:3d512d96e16bcb959a814c9f348431070822a6496326a4be0911c40b5a74c2bc"},
]

[package.extras]
docs = ["furo (>=2024.8.6)", "proselint (>=0.14)", "sphinx (>=8.1.3)", "sphinx-autodoc-typehints (>=3)"]
test = ["appdirs (==1.4.4)", "covdefaults (>=2.3)", "pytest (>=8.3.4)", "pytest-cov (>=6)", "pytest-mock (>=3.14)"]
type = ["mypy (>=1.14.1)"]

[[package]]
name = "pygments"
version = "2.12.0"
description = "Pygments is a syntax highlighting package written in Python."
optional = false
python-versions = ">=3.6"
files = [
    {file = "Pygments-2.12.0-py3-none-any.whl", hash = "sha256:dc9c10fb40944260f6ed4c688ece0cd2048414940f1cea51b8b226318411c519"},
    {file = "Pygments-2.12.0.tar.gz", hash = "sha256:5eb116118f9612ff1ee89ac96437bb6b49e8f04d8a13b514ba26f620208e26eb"},
]

[[package]]
name = "python-dateutil"
version = "2.8.2"
description = "Extensions to the standard Python datetime module"
optional = false
python-versions = "!=3.0.*,!=3.1.*,!=3.2.*,>=2.7"
files = [
    {file = "python-dateutil-2.8.2.tar.gz", hash = "sha256:0123cacc1627ae19ddf3c27a5de5bd67ee4586fbdd6440d9748f8abb483d3e86"},
    {file = "python_dateutil-2.8.2-py2.py3-none-any.whl", hash = "sha256:961d03dc3453ebbc59dbdea9e4e11c5651520a876d0f4db161e8674aae935da9"},
]

[package.dependencies]
six = ">=1.5"

[[package]]
name = "pytz"
version = "2022.1"
description = "World timezone definitions, modern and historical"
optional = false
python-versions = "*"
files = [
    {file = "pytz-2022.1-py2.py3-none-any.whl", hash = "sha256:e68985985296d9a66a881eb3193b0906246245294a881e7c8afe623866ac6a5c"},
    {file = "pytz-2022.1.tar.gz", hash = "sha256:1e760e2fe6a8163bc0b3d9a19c4f84342afa0a2affebfaa84b01b978a02ecaa7"},
]

[[package]]
name = "rich"
version = "12.5.1"
description = "Render rich text, tables, progress bars, syntax highlighting, markdown and more to the terminal"
optional = false
python-versions = ">=3.6.3,<4.0.0"
files = [
    {file = "rich-12.5.1-py3-none-any.whl", hash = "sha256:2eb4e6894cde1e017976d2975ac210ef515d7548bc595ba20e195fb9628acdeb"},
    {file = "rich-12.5.1.tar.gz", hash = "sha256:63a5c5ce3673d3d5fbbf23cd87e11ab84b6b451436f1b7f19ec54b6bc36ed7ca"},
]

[package.dependencies]
commonmark = ">=0.9.0,<0.10.0"
pygments = ">=2.6.0,<3.0.0"

[package.extras]
jupyter = ["ipywidgets (>=7.5.1,<8.0.0)"]

[[package]]
name = "setuptools"
version = "63.4.2"
description = "Easily download, build, install, upgrade, and uninstall Python packages"
optional = false
python-versions = ">=3.7"
files = [
    {file = "setuptools-63.4.2-py3-none-any.whl", hash = "sha256:73bfae4791da7c1c56882ab17577d00f7a37a0347162aeb9360058de0dc25083"},
    {file = "setuptools-63.4.2.tar.gz", hash = "sha256:abcb76aa4decd7a17cbe0e4b31bdf549d106ba7f668e87e0860f5f7b84b9b3fe"},
]

[package.extras]
docs = ["furo", "jaraco.packaging (>=9)", "jaraco.tidelift (>=1.4)", "pygments-github-lexers (==0.0.5)", "rst.linker (>=1.9)", "sphinx", "sphinx-favicon", "sphinx-hoverxref (<2)", "sphinx-inline-tabs", "sphinx-notfound-page (==0.8.3)", "sphinx-reredirects", "sphinxcontrib-towncrier"]
testing = ["build[virtualenv]", "filelock (>=3.4.0)", "flake8 (<5)", "flake8-2020", "ini2toml[lite] (>=0.9)", "jaraco.envs (>=2.2)", "jaraco.path (>=3.2.0)", "mock", "pip (>=19.1)", "pip-run (>=8.8)", "pytest (>=6)", "pytest-black (>=0.3.7)", "pytest-checkdocs (>=2.4)", "pytest-cov", "pytest-enabler (>=1.3)", "pytest-flake8", "pytest-mypy (>=0.9.1)", "pytest-perf", "pytest-xdist", "tomli-w (>=1.0.0)", "virtualenv (>=13.0.0)", "wheel"]
testing-integration = ["build[virtualenv]", "filelock (>=3.4.0)", "jaraco.envs (>=2.2)", "jaraco.path (>=3.2.0)", "pytest", "pytest-enabler", "pytest-xdist", "tomli", "virtualenv (>=13.0.0)", "wheel"]

[[package]]
name = "six"
version = "1.16.0"
description = "Python 2 and 3 compatibility utilities"
optional = false
python-versions = ">=2.7, !=3.0.*, !=3.1.*, !=3.2.*"
files = [
    {file = "six-1.16.0-py2.py3-none-any.whl", hash = "sha256:8abb2f1d86890a2dfb989f9a77cfcfd3e47c2a354b01111771326f8aa26e0254"},
    {file = "six-1.16.0.tar.gz", hash = "sha256:1e61c37477a1626458e36f7b1d82aa5c9b094fa4802892072e49de9c60c4c926"},
]

[[package]]
name = "tzdata"
version = "2025.2"
description = "Provider of IANA time zone data"
optional = false
python-versions = ">=2"
files = [
    {file = "tzdata-2025.2-py2.py3-none-any.whl", hash = "sha256:1a403fada01ff9221ca8044d701868fa132215d84beb92242d9acd2147f667a8"},
    {file = "tzdata-2025.2.tar.gz", hash = "sha256:b60a638fcc0daffadf82fe0f57e53d06bdec2f36c4df66280ae79bce6bd6f2b9"},
]

[[package]]
name = "zope-interface"
version = "5.4.0"
description = "Interfaces for Python"
optional = false
python-versions = ">=2.7, !=3.0.*, !=3.1.*, !=3.2.*, !=3.3.*, !=3.4.*"
files = [
    {file = "zope.interface-5.4.0-cp27-cp27m-macosx_10_14_x86_64.whl", hash = "sha256:7df1e1c05304f26faa49fa752a8c690126cf98b40b91d54e6e9cc3b7d6ffe8b7"},
    {file = "zope.interface-5.4.0-cp27-cp27m-manylinux1_i686.whl", hash = "sha256:2c98384b254b37ce50eddd55db8d381a5c53b4c10ee66e1e7fe749824f894021"},
    {file = "zope.interface-5.4.0-cp27-cp27m-manylinux1_x86_64.whl", hash = "sha256:08f9636e99a9d5410181ba0729e0408d3d8748026ea938f3b970a0249daa8192"},
    {file = "zope.interface-5.4.0-cp27-cp27m-manylinux2010_i686.whl", hash = "sha256:0ea1d73b7c9dcbc5080bb8aaffb776f1c68e807767069b9ccdd06f27a161914a"},
    {file = "zope.interface-5.4.0-cp27-cp27m-manylinux2010_x86_64.whl", hash = "sha256:273f158fabc5ea33cbc936da0ab3d4ba80ede5351babc4f577d768e057651531"},
    {file = "zope.interface-5.4.0-cp27-cp27m-win32.whl", hash = "sha256:a1e6e96217a0f72e2b8629e271e1b280c6fa3fe6e59fa8f6701bec14e3354325"},
    {file = "zope.interface-5.4.0-cp27-cp27m-win_amd64.whl", hash = "sha256:877473e675fdcc113c138813a5dd440da0769a2d81f4d86614e5d62b69497155"},
    {file = "zope.interface-5.4.0-cp27-cp27mu-manylinux1_i686.whl", hash = "sha256:f7ee479e96f7ee350db1cf24afa5685a5899e2b34992fb99e1f7c1b0b758d263"},
    {file = "zope.interface-5.4.0-cp27-cp27mu-manylinux1_x86_64.whl", hash = "sha256:b0297b1e05fd128d26cc2460c810d42e205d16d76799526dfa8c8ccd50e74959"},
    {file = "zope.interface-5.4.0-cp27-cp27mu-manylinux2010_i686.whl", hash = "sha256:af310ec8335016b5e52cae60cda4a4f2a60a788cbb949a4fbea13d441aa5a09e"},
    {file = "zope.interface-5.4.0-cp27-cp27mu-manylinux2010_x86_64.whl", hash = "sha256:9a9845c4c6bb56e508651f005c4aeb0404e518c6f000d5a1123ab077ab769f5c"},
    {file = "zope.interface-5.4.0-cp35-cp35m-manylinux1_i686.whl", hash = "sha256:0b465ae0962d49c68aa9733ba92a001b2a0933c317780435f00be7ecb959c702"},
    {file = "zope.interface-5.4.0-cp35-cp35m-manylinux1_x86_64.whl", hash = "sha256:5dd9ca406499444f4c8299f803d4a14edf7890ecc595c8b1c7115c2342cadc5f"},
    {file = "zope.interface-5.4.0-cp35-cp35m-manylinux2010_i686.whl", hash = "sha256:469e2407e0fe9880ac690a3666f03eb4c3c444411a5a5fddfdabc5d184a79f05"},
    {file = "zope.interface-5.4.0-cp35-cp35m-manylinux2010_x86_64.whl", hash = "sha256:52de7fc6c21b419078008f697fd4103dbc763288b1406b4562554bd47514c004"},
    {file = "zope.interface-5.4.0-cp35-cp35m-manylinux2014_aarch64.whl", hash = "sha256:3dd4952748521205697bc2802e4afac5ed4b02909bb799ba1fe239f77fd4e117"},
    {file = "zope.interface-5.4.0-cp35-cp35m-win32.whl", hash = "sha256:dd93ea5c0c7f3e25335ab7d22a507b1dc43976e1345508f845efc573d3d779d8"},
    {file = "zope.interface-5.4.0-cp35-cp35m-win_amd64.whl", hash = "sha256:3748fac0d0f6a304e674955ab1365d515993b3a0a865e16a11ec9d86fb307f63"},
    {file = "zope.interface-5.4.0-cp36-cp36m-macosx_10_14_x86_64.whl", hash = "sha256:66c0061c91b3b9cf542131148ef7ecbecb2690d48d1612ec386de9d36766058f"},
    {file = "zope.interface-5.4.0-cp36-cp36m-manylinux1_i686.whl", hash = "sha256:d0c1bc2fa9a7285719e5678584f6b92572a5b639d0e471bb8d4b650a1a910920"},
    {file = "zope.interface-5.4.0-cp36-cp36m-manylinux1_x86_64.whl", hash = "sha256:2876246527c91e101184f63ccd1d716ec9c46519cc5f3d5375a3351c46467c46"},
    {file = "zope.interface-5.4.0-cp36-cp36m-manylinux2010_i686.whl", hash = "sha256:334701327f37c47fa628fc8b8d28c7d7730ce7daaf4bda1efb741679c2b087fc"},
    {file = "zope.interface-5.4.0-cp36-cp36m-manylinux2010_x86_64.whl", hash = "sha256:71aace0c42d53abe6fc7f726c5d3b60d90f3c5c055a447950ad6ea9cec2e37d9"},
    {file = "zope.interface-5.4.0-cp36-cp36m-manylinux2014_aarch64.whl", hash = "sha256:5bb3489b4558e49ad2c5118137cfeaf59434f9737fa9c5deefc72d22c23822e2"},
    {file = "zope.interface-5.4.0-cp36-cp36m-win32.whl", hash = "sha256:1c0e316c9add0db48a5b703833881351444398b04111188069a26a61cfb4df78"},
    {file = "zope.interface-5.4.0-cp36-cp36m-win_amd64.whl", hash = "sha256:6f0c02cbb9691b7c91d5009108f975f8ffeab5dff8f26d62e21c493060eff2a1"},
    {file = "zope.interface-5.4.0-cp37-cp37m-macosx_10_14_x86_64.whl", hash = "sha256:7d97a4306898b05404a0dcdc32d9709b7d8832c0c542b861d9a826301719794e"},
    {file = "zope.interface-5.4.0-cp37-cp37m-manylinux1_i686.whl", hash = "sha256:867a5ad16892bf20e6c4ea2aab1971f45645ff3102ad29bd84c86027fa99997b"},
    {file = "zope.interface-5.4.0-cp37-cp37m-manylinux1_x86_64.whl", hash = "sha256:5f931a1c21dfa7a9c573ec1f50a31135ccce84e32507c54e1ea404894c5eb96f"},
    {file = "zope.interface-5.4.0-cp37-cp37m-manylinux2010_i686.whl", hash = "sha256:194d0bcb1374ac3e1e023961610dc8f2c78a0f5f634d0c737691e215569e640d"},
    {file = "zope.interface-5.4.0-cp37-cp37m-manylinux2010_x86_64.whl", hash = "sha256:8270252effc60b9642b423189a2fe90eb6b59e87cbee54549db3f5562ff8d1b8"},
    {file = "zope.interface-5.4.0-cp37-cp37m-manylinux2014_aarch64.whl", hash = "sha256:15e7d1f7a6ee16572e21e3576d2012b2778cbacf75eb4b7400be37455f5ca8bf"},
    {file = "zope.interface-5.4.0-cp37-cp37m-win32.whl", hash = "sha256:8892f89999ffd992208754851e5a052f6b5db70a1e3f7d54b17c5211e37a98c7"},
    {file = "zope.interface-5.4.0-cp37-cp37m-win_amd64.whl", hash = "sha256:2e5a26f16503be6c826abca904e45f1a44ff275fdb7e9d1b75c10671c26f8b94"},
    {file = "zope.interface-5.4.0-cp38-cp38-macosx_10_14_x86_64.whl", hash = "sha256:0f91b5b948686659a8e28b728ff5e74b1be6bf40cb04704453617e5f1e945ef3"},
    {file = "zope.interface-5.4.0-cp38-cp38-manylinux1_i686.whl", hash = "sha256:4de4bc9b6d35c5af65b454d3e9bc98c50eb3960d5a3762c9438df57427134b8e"},
    {file = "zope.interface-5.4.0-cp38-cp38-manylinux1_x86_64.whl", hash = "sha256:bf68f4b2b6683e52bec69273562df15af352e5ed25d1b6641e7efddc5951d1a7"},
    {file = "zope.interface-5.4.0-cp38-cp38-manylinux2010_i686.whl", hash = "sha256:63b82bb63de7c821428d513607e84c6d97d58afd1fe2eb645030bdc185440120"},
    {file = "zope.interface-5.4.0-cp38-cp38-manylinux2010_x86_64.whl", hash = "sha256:db1fa631737dab9fa0b37f3979d8d2631e348c3b4e8325d6873c2541d0ae5a48"},
    {file = "zope.interface-5.4.0-cp38-cp38-manylinux2014_aarch64.whl", hash = "sha256:f44e517131a98f7a76696a7b21b164bcb85291cee106a23beccce454e1f433a4"},
    {file = "zope.interface-5.4.0-cp38-cp38-win32.whl", hash = "sha256:a9506a7e80bcf6eacfff7f804c0ad5350c8c95b9010e4356a4b36f5322f09abb"},
    {file = "zope.interface-5.4.0-cp38-cp38-win_amd64.whl", hash = "sha256:3c02411a3b62668200910090a0dff17c0b25aaa36145082a5a6adf08fa281e54"},
    {file = "zope.interface-5.4.0-cp39-cp39-macosx_10_14_x86_64.whl", hash = "sha256:0cee5187b60ed26d56eb2960136288ce91bcf61e2a9405660d271d1f122a69a4"},
    {file = "zope.interface-5.4.0-cp39-cp39-manylinux1_i686.whl", hash = "sha256:a8156e6a7f5e2a0ff0c5b21d6bcb45145efece1909efcbbbf48c56f8da68221d"},
    {file = "zope.interface-5.4.0-cp39-cp39-manylinux1_x86_64.whl", hash = "sha256:205e40ccde0f37496904572035deea747390a8b7dc65146d30b96e2dd1359a83"},
    {file = "zope.interface-5.4.0-cp39-cp39-manylinux2010_i686.whl", hash = "sha256:3f24df7124c323fceb53ff6168da70dbfbae1442b4f3da439cd441681f54fe25"},
    {file = "zope.interface-5.4.0-cp39-cp39-manylinux2010_x86_64.whl", hash = "sha256:5208ebd5152e040640518a77827bdfcc73773a15a33d6644015b763b9c9febc1"},
    {file = "zope.interface-5.4.0-cp39-cp39-manylinux2014_aarch64.whl", hash = "sha256:17776ecd3a1fdd2b2cd5373e5ef8b307162f581c693575ec62e7c5399d80794c"},
    {file = "zope.interface-5.4.0-cp39-cp39-win32.whl", hash = "sha256:d4d9d6c1a455d4babd320203b918ccc7fcbefe308615c521062bc2ba1aa4d26e"},
    {file = "zope.interface-5.4.0-cp39-cp39-win_amd64.whl", hash = "sha256:0cba8477e300d64a11a9789ed40ee8932b59f9ee05f85276dbb4b59acee5dd09"},
    {file = "zope.interface-5.4.0.tar.gz", hash = "sha256:5dba5f530fec3f0988d83b78cc591b58c0b6eb8431a85edd1569a0539a8a5a0e"},
]

[package.dependencies]
setuptools = "*"

[package.extras]
docs = ["Sphinx", "repoze.sphinx.autointerface"]
test = ["coverage (>=5.0.3)", "zope.event", "zope.testing"]
testing = ["coverage (>=5.0.3)", "zope.event", "zope.testing"]

[metadata]
lock-version = "2.0"
python-versions = "^3.11"
content-hash = "06c4843b9d89ede23a23be7e6ed37849072e6c028dc5f8387168037100f35bd1"
